
Microsoft Visual Studio Solution File, Format Version 12.00
# Visual Studio 14
VisualStudioVersion = 14.0.23107.0
MinimumVisualStudioVersion = 10.0.40219.1
Project("{2150E333-8FDC-42A3-9474-1A3956D46DE8}") = "src", "src", "{064490ED-0965-4A30-B054-F426EAB30831}"
EndProject
Project("{2150E333-8FDC-42A3-9474-1A3956D46DE8}") = "Solution Items", "Solution Items", "{596E36BE-234C-40E0-AF81-B967BECAFDB1}"
	ProjectSection(SolutionItems) = preProject
		global.json = global.json
	EndProjectSection
EndProject
Project("{8BB2217D-0F2D-49D1-97BC-3654ED321F3B}") = "guess-what2", "src\guess-what2\guess-what2.xproj", "{86E90AC5-0CA0-4187-ADFE-D63B81158B80}"
EndProject
Project("{2150E333-8FDC-42A3-9474-1A3956D46DE8}") = "PublishScripts", "PublishScripts", "{D9955385-E580-40A7-9520-D33ED661D3EE}"
EndProject
Project("{2150E333-8FDC-42A3-9474-1A3956D46DE8}") = "Scripts", "Scripts", "{1639ABF1-9964-4F54-A863-AD17EC1A138E}"
	ProjectSection(SolutionItems) = preProject
		PublishScripts\Scripts\Deploy-AzureResourceGroup.ps1 = PublishScripts\Scripts\Deploy-AzureResourceGroup.ps1
	EndProjectSection
EndProject
Project("{2150E333-8FDC-42A3-9474-1A3956D46DE8}") = "Templates", "Templates", "{E45FC8DA-D1B1-48AF-B6CC-402B027E8293}"
	ProjectSection(SolutionItems) = preProject
		PublishScripts\Templates\guess-what2.json = PublishScripts\Templates\guess-what2.json
		PublishScripts\Templates\guess-what2.param.dev.json = PublishScripts\Templates\guess-what2.param.dev.json
	EndProjectSection
EndProject
Project("{8BB2217D-0F2D-49D1-97BC-3654ED321F3B}") = "guess-what2-tests", "src\guess-what2-tests\guess-what2-tests.xproj", "{7E7003F2-8995-4143-8CC2-B72EC32A2335}"
EndProject
Global
	GlobalSection(SolutionConfigurationPlatforms) = preSolution
		Debug|Any CPU = Debug|Any CPU
		Release|Any CPU = Release|Any CPU
	EndGlobalSection
	GlobalSection(ProjectConfigurationPlatforms) = postSolution
		{86E90AC5-0CA0-4187-ADFE-D63B81158B80}.Debug|Any CPU.ActiveCfg = Debug|Any CPU
		{86E90AC5-0CA0-4187-ADFE-D63B81158B80}.Debug|Any CPU.Build.0 = Debug|Any CPU
		{86E90AC5-0CA0-4187-ADFE-D63B81158B80}.Release|Any CPU.ActiveCfg = Release|Any CPU
		{86E90AC5-0CA0-4187-ADFE-D63B81158B80}.Release|Any CPU.Build.0 = Release|Any CPU
		{7E7003F2-8995-4143-8CC2-B72EC32A2335}.Debug|Any CPU.ActiveCfg = Debug|Any CPU
		{7E7003F2-8995-4143-8CC2-B72EC32A2335}.Debug|Any CPU.Build.0 = Debug|Any CPU
		{7E7003F2-8995-4143-8CC2-B72EC32A2335}.Release|Any CPU.ActiveCfg = Release|Any CPU
		{7E7003F2-8995-4143-8CC2-B72EC32A2335}.Release|Any CPU.Build.0 = Release|Any CPU
	EndGlobalSection
	GlobalSection(SolutionProperties) = preSolution
		HideSolutionNode = FALSE
	EndGlobalSection
	GlobalSection(NestedProjects) = preSolution
		{86E90AC5-0CA0-4187-ADFE-D63B81158B80} = {064490ED-0965-4A30-B054-F426EAB30831}
		{1639ABF1-9964-4F54-A863-AD17EC1A138E} = {D9955385-E580-40A7-9520-D33ED661D3EE}
		{E45FC8DA-D1B1-48AF-B6CC-402B027E8293} = {D9955385-E580-40A7-9520-D33ED661D3EE}
		{7E7003F2-8995-4143-8CC2-B72EC32A2335} = {064490ED-0965-4A30-B054-F426EAB30831}
	EndGlobalSection
EndGlobal
